// !$*UTF8*$!
{
	archiveVersion = 1;
	classes = {
	};
	objectVersion = 50;
	objects = {

/* Begin PBXBuildFile section */
		A12E1CD3234F66B900DE74DD /* info_header_background.png in Resources */ = {isa = PBXBuildFile; fileRef = A12E1CD2234F66B900DE74DD /* info_header_background.png */; };
		A13456B32355B9C500362275 /* kepcommon.framework in Frameworks */ = {isa = PBXBuildFile; fileRef = A13456B22355B9C500362275 /* kepcommon.framework */; };
		A13456B42355B9C500362275 /* kepcommon.framework in Embed Frameworks */ = {isa = PBXBuildFile; fileRef = A13456B22355B9C500362275 /* kepcommon.framework */; settings = {ATTRIBUTES = (CodeSignOnCopy, RemoveHeadersOnCopy, ); }; };
		A14B53F9234228B70017DD2B /* AppDelegate.swift in Sources */ = {isa = PBXBuildFile; fileRef = A14B53F8234228B70017DD2B /* AppDelegate.swift */; };
		A14B53FB234228B70017DD2B /* TalkListViewController.swift in Sources */ = {isa = PBXBuildFile; fileRef = A14B53FA234228B70017DD2B /* TalkListViewController.swift */; };
		A14B53FE234228B70017DD2B /* Main.storyboard in Resources */ = {isa = PBXBuildFile; fileRef = A14B53FC234228B70017DD2B /* Main.storyboard */; };
		A14B5400234228B90017DD2B /* Assets.xcassets in Resources */ = {isa = PBXBuildFile; fileRef = A14B53FF234228B90017DD2B /* Assets.xcassets */; };
		A14B5403234228B90017DD2B /* LaunchScreen.storyboard in Resources */ = {isa = PBXBuildFile; fileRef = A14B5401234228B90017DD2B /* LaunchScreen.storyboard */; };
		A177E2552350C9A400B995F8 /* website.png in Resources */ = {isa = PBXBuildFile; fileRef = A177E2522350C9A400B995F8 /* website.png */; };
		A177E2562350C9A400B995F8 /* location.png in Resources */ = {isa = PBXBuildFile; fileRef = A177E2532350C9A400B995F8 /* location.png */; };
		A177E2572350C9A400B995F8 /* twitter.png in Resources */ = {isa = PBXBuildFile; fileRef = A177E2542350C9A400B995F8 /* twitter.png */; };
		A1D4C9E5234CBAAF00AA15F1 /* launchscreen.png in Resources */ = {isa = PBXBuildFile; fileRef = A1D4C9E4234CBAAF00AA15F1 /* launchscreen.png */; };
		A1D4C9F2234DD44D00AA15F1 /* AboutViewController.swift in Sources */ = {isa = PBXBuildFile; fileRef = A1D4C9F1234DD44D00AA15F1 /* AboutViewController.swift */; };
		A1D4C9F4234E0C0E00AA15F1 /* TalkDetailViewController.swift in Sources */ = {isa = PBXBuildFile; fileRef = A1D4C9F3234E0C0E00AA15F1 /* TalkDetailViewController.swift */; };
/* End PBXBuildFile section */

/* Begin PBXCopyFilesBuildPhase section */
		A13456B52355B9C500362275 /* Embed Frameworks */ = {
			isa = PBXCopyFilesBuildPhase;
			buildActionMask = 2147483647;
			dstPath = "";
			dstSubfolderSpec = 10;
			files = (
				A13456B42355B9C500362275 /* kepcommon.framework in Embed Frameworks */,
			);
			name = "Embed Frameworks";
			runOnlyForDeploymentPostprocessing = 0;
		};
/* End PBXCopyFilesBuildPhase section */

/* Begin PBXFileReference section */
		A12E1CD2234F66B900DE74DD /* info_header_background.png */ = {isa = PBXFileReference; lastKnownFileType = image.png; path = info_header_background.png; sourceTree = "<group>"; };
		A13456B22355B9C500362275 /* kepcommon.framework */ = {isa = PBXFileReference; lastKnownFileType = wrapper.framework; name = kepcommon.framework; path = "../../common/build/xcode-frameworks/kepcommon.framework"; sourceTree = "<group>"; };
		A14B53F5234228B70017DD2B /* kepios.app */ = {isa = PBXFileReference; explicitFileType = wrapper.application; includeInIndex = 0; path = kepios.app; sourceTree = BUILT_PRODUCTS_DIR; };
		A14B53F8234228B70017DD2B /* AppDelegate.swift */ = {isa = PBXFileReference; lastKnownFileType = sourcecode.swift; path = AppDelegate.swift; sourceTree = "<group>"; };
		A14B53FA234228B70017DD2B /* TalkListViewController.swift */ = {isa = PBXFileReference; lastKnownFileType = sourcecode.swift; path = TalkListViewController.swift; sourceTree = "<group>"; };
		A14B53FD234228B70017DD2B /* Base */ = {isa = PBXFileReference; lastKnownFileType = file.storyboard; name = Base; path = Base.lproj/Main.storyboard; sourceTree = "<group>"; };
		A14B53FF234228B90017DD2B /* Assets.xcassets */ = {isa = PBXFileReference; lastKnownFileType = folder.assetcatalog; path = Assets.xcassets; sourceTree = "<group>"; };
		A14B5402234228B90017DD2B /* Base */ = {isa = PBXFileReference; lastKnownFileType = file.storyboard; name = Base; path = Base.lproj/LaunchScreen.storyboard; sourceTree = "<group>"; };
		A14B5404234228B90017DD2B /* Info.plist */ = {isa = PBXFileReference; lastKnownFileType = text.plist.xml; path = Info.plist; sourceTree = "<group>"; };
		A14B540A23422BDE0017DD2B /* kep_common.framework */ = {isa = PBXFileReference; lastKnownFileType = wrapper.framework; name = kep_common.framework; path = "../../common/build/xcode-frameworks/kep_common.framework"; sourceTree = "<group>"; };
		A177E2522350C9A400B995F8 /* website.png */ = {isa = PBXFileReference; lastKnownFileType = image.png; path = website.png; sourceTree = "<group>"; };
		A177E2532350C9A400B995F8 /* location.png */ = {isa = PBXFileReference; lastKnownFileType = image.png; path = location.png; sourceTree = "<group>"; };
		A177E2542350C9A400B995F8 /* twitter.png */ = {isa = PBXFileReference; lastKnownFileType = image.png; path = twitter.png; sourceTree = "<group>"; };
		A1D4C9E4234CBAAF00AA15F1 /* launchscreen.png */ = {isa = PBXFileReference; lastKnownFileType = image.png; path = launchscreen.png; sourceTree = "<group>"; };
		A1D4C9F1234DD44D00AA15F1 /* AboutViewController.swift */ = {isa = PBXFileReference; lastKnownFileType = sourcecode.swift; path = AboutViewController.swift; sourceTree = "<group>"; };
		A1D4C9F3234E0C0E00AA15F1 /* TalkDetailViewController.swift */ = {isa = PBXFileReference; lastKnownFileType = sourcecode.swift; path = TalkDetailViewController.swift; sourceTree = "<group>"; };
/* End PBXFileReference section */

/* Begin PBXFrameworksBuildPhase section */
		A14B53F2234228B70017DD2B /* Frameworks */ = {
			isa = PBXFrameworksBuildPhase;
			buildActionMask = 2147483647;
			files = (
				A13456B32355B9C500362275 /* kepcommon.framework in Frameworks */,
			);
			runOnlyForDeploymentPostprocessing = 0;
		};
/* End PBXFrameworksBuildPhase section */

/* Begin PBXGroup section */
		A13456B12355B9C500362275 /* Frameworks */ = {
			isa = PBXGroup;
			children = (
				A13456B22355B9C500362275 /* kepcommon.framework */,
			);
			name = Frameworks;
			sourceTree = "<group>";
		};
		A14B53EC234228B70017DD2B = {
			isa = PBXGroup;
			children = (
				A14B540A23422BDE0017DD2B /* kep_common.framework */,
				A14B53F7234228B70017DD2B /* kepios */,
				A14B53F6234228B70017DD2B /* Products */,
				A13456B12355B9C500362275 /* Frameworks */,
			);
			sourceTree = "<group>";
		};
		A14B53F6234228B70017DD2B /* Products */ = {
			isa = PBXGroup;
			children = (
				A14B53F5234228B70017DD2B /* kepios.app */,
			);
			name = Products;
			sourceTree = "<group>";
		};
		A14B53F7234228B70017DD2B /* kepios */ = {
			isa = PBXGroup;
			children = (
				A1D4C9E7234CBEDE00AA15F1 /* app */,
				A1D4C9E8234CBEF300AA15F1 /* feature */,
				A1D4C9E3234CBA6700AA15F1 /* resources */,
				A14B5404234228B90017DD2B /* Info.plist */,
			);
			path = kepios;
			sourceTree = "<group>";
		};
		A1D4C9E3234CBA6700AA15F1 /* resources */ = {
			isa = PBXGroup;
			children = (
				A14B53FF234228B90017DD2B /* Assets.xcassets */,
				A12E1CD2234F66B900DE74DD /* info_header_background.png */,
				A1D4C9E4234CBAAF00AA15F1 /* launchscreen.png */,
				A177E2532350C9A400B995F8 /* location.png */,
				A177E2542350C9A400B995F8 /* twitter.png */,
				A177E2522350C9A400B995F8 /* website.png */,
			);
			path = resources;
			sourceTree = "<group>";
		};
		A1D4C9E7234CBEDE00AA15F1 /* app */ = {
			isa = PBXGroup;
			children = (
				A14B53F8234228B70017DD2B /* AppDelegate.swift */,
				A14B53FC234228B70017DD2B /* Main.storyboard */,
				A14B5401234228B90017DD2B /* LaunchScreen.storyboard */,
			);
			path = app;
			sourceTree = "<group>";
		};
		A1D4C9E8234CBEF300AA15F1 /* feature */ = {
			isa = PBXGroup;
			children = (
				A14B53FA234228B70017DD2B /* TalkListViewController.swift */,
				A1D4C9F3234E0C0E00AA15F1 /* TalkDetailViewController.swift */,
				A1D4C9F1234DD44D00AA15F1 /* AboutViewController.swift */,
			);
			path = feature;
			sourceTree = "<group>";
		};
/* End PBXGroup section */

/* Begin PBXNativeTarget section */
		A14B53F4234228B70017DD2B /* kepios */ = {
			isa = PBXNativeTarget;
			buildConfigurationList = A14B5407234228B90017DD2B /* Build configuration list for PBXNativeTarget "kepios" */;
			buildPhases = (
				A14B540E23422C6C0017DD2B /* Pack common Kotlin code for iOS */,
				A14B53F1234228B70017DD2B /* Sources */,
				A14B53F2234228B70017DD2B /* Frameworks */,
				A14B53F3234228B70017DD2B /* Resources */,
				A13456B52355B9C500362275 /* Embed Frameworks */,
			);
			buildRules = (
			);
			dependencies = (
			);
			name = kepios;
			productName = kepios;
			productReference = A14B53F5234228B70017DD2B /* kepios.app */;
			productType = "com.apple.product-type.application";
		};
/* End PBXNativeTarget section */

/* Begin PBXProject section */
		A14B53ED234228B70017DD2B /* Project object */ = {
			isa = PBXProject;
			attributes = {
				LastSwiftUpdateCheck = 1010;
				LastUpgradeCheck = 1010;
				ORGANIZATIONNAME = "Romain Bsl";
				TargetAttributes = {
					A14B53F4234228B70017DD2B = {
						CreatedOnToolsVersion = 10.1;
					};
				};
			};
			buildConfigurationList = A14B53F0234228B70017DD2B /* Build configuration list for PBXProject "kepios" */;
			compatibilityVersion = "Xcode 9.3";
			developmentRegion = en;
			hasScannedForEncodings = 0;
			knownRegions = (
				en,
				Base,
			);
			mainGroup = A14B53EC234228B70017DD2B;
			productRefGroup = A14B53F6234228B70017DD2B /* Products */;
			projectDirPath = "";
			projectRoot = "";
			targets = (
				A14B53F4234228B70017DD2B /* kepios */,
			);
		};
/* End PBXProject section */

/* Begin PBXResourcesBuildPhase section */
		A14B53F3234228B70017DD2B /* Resources */ = {
			isa = PBXResourcesBuildPhase;
			buildActionMask = 2147483647;
			files = (
				A14B5403234228B90017DD2B /* LaunchScreen.storyboard in Resources */,
				A177E2572350C9A400B995F8 /* twitter.png in Resources */,
				A14B5400234228B90017DD2B /* Assets.xcassets in Resources */,
				A14B53FE234228B70017DD2B /* Main.storyboard in Resources */,
				A1D4C9E5234CBAAF00AA15F1 /* launchscreen.png in Resources */,
				A177E2562350C9A400B995F8 /* location.png in Resources */,
				A12E1CD3234F66B900DE74DD /* info_header_background.png in Resources */,
				A177E2552350C9A400B995F8 /* website.png in Resources */,
			);
			runOnlyForDeploymentPostprocessing = 0;
		};
/* End PBXResourcesBuildPhase section */

/* Begin PBXShellScriptBuildPhase section */
		A14B540E23422C6C0017DD2B /* Pack common Kotlin code for iOS */ = {
			isa = PBXShellScriptBuildPhase;
			buildActionMask = 2147483647;
			files = (
			);
			inputFileListPaths = (
			);
			inputPaths = (
			);
			name = "Pack common Kotlin code for iOS";
			outputFileListPaths = (
			);
			outputPaths = (
			);
			runOnlyForDeploymentPostprocessing = 0;
			shellPath = /bin/sh;
			shellScript = "cd \"$SRCROOT/../../common/build/xcode-frameworks\"\n./gradlew :common:packForXCode -PXCODE_CONFIGURATION=${CONFIGURATION}\n";
		};
/* End PBXShellScriptBuildPhase section */

/* Begin PBXSourcesBuildPhase section */
		A14B53F1234228B70017DD2B /* Sources */ = {
			isa = PBXSourcesBuildPhase;
			buildActionMask = 2147483647;
			files = (
				A1D4C9F2234DD44D00AA15F1 /* AboutViewController.swift in Sources */,
				A14B53FB234228B70017DD2B /* TalkListViewController.swift in Sources */,
				A14B53F9234228B70017DD2B /* AppDelegate.swift in Sources */,
				A1D4C9F4234E0C0E00AA15F1 /* TalkDetailViewController.swift in Sources */,
			);
			runOnlyForDeploymentPostprocessing = 0;
		};
/* End PBXSourcesBuildPhase section */

/* Begin PBXVariantGroup section */
		A14B53FC234228B70017DD2B /* Main.storyboard */ = {
			isa = PBXVariantGroup;
			children = (
				A14B53FD234228B70017DD2B /* Base */,
			);
			name = Main.storyboard;
			sourceTree = "<group>";
		};
		A14B5401234228B90017DD2B /* LaunchScreen.storyboard */ = {
			isa = PBXVariantGroup;
			children = (
				A14B5402234228B90017DD2B /* Base */,
			);
			name = LaunchScreen.storyboard;
			sourceTree = "<group>";
		};
/* End PBXVariantGroup section */

/* Begin XCBuildConfiguration section */
		A14B5405234228B90017DD2B /* Debug */ = {
			isa = XCBuildConfiguration;
			buildSettings = {
				ALWAYS_SEARCH_USER_PATHS = NO;
				CLANG_ANALYZER_NONNULL = YES;
				CLANG_ANALYZER_NUMBER_OBJECT_CONVERSION = YES_AGGRESSIVE;
				CLANG_CXX_LANGUAGE_STANDARD = "gnu++14";
				CLANG_CXX_LIBRARY = "libc++";
				CLANG_ENABLE_MODULES = YES;
				CLANG_ENABLE_OBJC_ARC = YES;
				CLANG_ENABLE_OBJC_WEAK = YES;
				CLANG_WARN_BLOCK_CAPTURE_AUTORELEASING = YES;
				CLANG_WARN_BOOL_CONVERSION = YES;
				CLANG_WARN_COMMA = YES;
				CLANG_WARN_CONSTANT_CONVERSION = YES;
				CLANG_WARN_DEPRECATED_OBJC_IMPLEMENTATIONS = YES;
				CLANG_WARN_DIRECT_OBJC_ISA_USAGE = YES_ERROR;
				CLANG_WARN_DOCUMENTATION_COMMENTS = YES;
				CLANG_WARN_EMPTY_BODY = YES;
				CLANG_WARN_ENUM_CONVERSION = YES;
				CLANG_WARN_INFINITE_RECURSION = YES;
				CLANG_WARN_INT_CONVERSION = YES;
				CLANG_WARN_NON_LITERAL_NULL_CONVERSION = YES;
				CLANG_WARN_OBJC_IMPLICIT_RETAIN_SELF = YES;
				CLANG_WARN_OBJC_LITERAL_CONVERSION = YES;
				CLANG_WARN_OBJC_ROOT_CLASS = YES_ERROR;
				CLANG_WARN_RANGE_LOOP_ANALYSIS = YES;
				CLANG_WARN_STRICT_PROTOTYPES = YES;
				CLANG_WARN_SUSPICIOUS_MOVE = YES;
				CLANG_WARN_UNGUARDED_AVAILABILITY = YES_AGGRESSIVE;
				CLANG_WARN_UNREACHABLE_CODE = YES;
				CLANG_WARN__DUPLICATE_METHOD_MATCH = YES;
				CODE_SIGN_IDENTITY = "iPhone Developer";
				COPY_PHASE_STRIP = NO;
				DEBUG_INFORMATION_FORMAT = dwarf;
				ENABLE_STRICT_OBJC_MSGSEND = YES;
				ENABLE_TESTABILITY = YES;
				GCC_C_LANGUAGE_STANDARD = gnu11;
				GCC_DYNAMIC_NO_PIC = NO;
				GCC_NO_COMMON_BLOCKS = YES;
				GCC_OPTIMIZATION_LEVEL = 0;
				GCC_PREPROCESSOR_DEFINITIONS = (
					"DEBUG=1",
					"$(inherited)",
				);
				GCC_WARN_64_TO_32_BIT_CONVERSION = YES;
				GCC_WARN_ABOUT_RETURN_TYPE = YES_ERROR;
				GCC_WARN_UNDECLARED_SELECTOR = YES;
				GCC_WARN_UNINITIALIZED_AUTOS = YES_AGGRESSIVE;
				GCC_WARN_UNUSED_FUNCTION = YES;
				GCC_WARN_UNUSED_VARIABLE = YES;
				IPHONEOS_DEPLOYMENT_TARGET = 12.1;
				MTL_ENABLE_DEBUG_INFO = INCLUDE_SOURCE;
				MTL_FAST_MATH = YES;
				ONLY_ACTIVE_ARCH = YES;
				SDKROOT = iphoneos;
				SWIFT_ACTIVE_COMPILATION_CONDITIONS = DEBUG;
				SWIFT_OPTIMIZATION_LEVEL = "-Onone";
			};
			name = Debug;
		};
		A14B5406234228B90017DD2B /* Release */ = {
			isa = XCBuildConfiguration;
			buildSettings = {
				ALWAYS_SEARCH_USER_PATHS = NO;
				CLANG_ANALYZER_NONNULL = YES;
				CLANG_ANALYZER_NUMBER_OBJECT_CONVERSION = YES_AGGRESSIVE;
				CLANG_CXX_LANGUAGE_STANDARD = "gnu++14";
				CLANG_CXX_LIBRARY = "libc++";
				CLANG_ENABLE_MODULES = YES;
				CLANG_ENABLE_OBJC_ARC = YES;
				CLANG_ENABLE_OBJC_WEAK = YES;
				CLANG_WARN_BLOCK_CAPTURE_AUTORELEASING = YES;
				CLANG_WARN_BOOL_CONVERSION = YES;
				CLANG_WARN_COMMA = YES;
				CLANG_WARN_CONSTANT_CONVERSION = YES;
				CLANG_WARN_DEPRECATED_OBJC_IMPLEMENTATIONS = YES;
				CLANG_WARN_DIRECT_OBJC_ISA_USAGE = YES_ERROR;
				CLANG_WARN_DOCUMENTATION_COMMENTS = YES;
				CLANG_WARN_EMPTY_BODY = YES;
				CLANG_WARN_ENUM_CONVERSION = YES;
				CLANG_WARN_INFINITE_RECURSION = YES;
				CLANG_WARN_INT_CONVERSION = YES;
				CLANG_WARN_NON_LITERAL_NULL_CONVERSION = YES;
				CLANG_WARN_OBJC_IMPLICIT_RETAIN_SELF = YES;
				CLANG_WARN_OBJC_LITERAL_CONVERSION = YES;
				CLANG_WARN_OBJC_ROOT_CLASS = YES_ERROR;
				CLANG_WARN_RANGE_LOOP_ANALYSIS = YES;
				CLANG_WARN_STRICT_PROTOTYPES = YES;
				CLANG_WARN_SUSPICIOUS_MOVE = YES;
				CLANG_WARN_UNGUARDED_AVAILABILITY = YES_AGGRESSIVE;
				CLANG_WARN_UNREACHABLE_CODE = YES;
				CLANG_WARN__DUPLICATE_METHOD_MATCH = YES;
				CODE_SIGN_IDENTITY = "iPhone Developer";
				COPY_PHASE_STRIP = NO;
				DEBUG_INFORMATION_FORMAT = "dwarf-with-dsym";
				ENABLE_NS_ASSERTIONS = NO;
				ENABLE_STRICT_OBJC_MSGSEND = YES;
				GCC_C_LANGUAGE_STANDARD = gnu11;
				GCC_NO_COMMON_BLOCKS = YES;
				GCC_WARN_64_TO_32_BIT_CONVERSION = YES;
				GCC_WARN_ABOUT_RETURN_TYPE = YES_ERROR;
				GCC_WARN_UNDECLARED_SELECTOR = YES;
				GCC_WARN_UNINITIALIZED_AUTOS = YES_AGGRESSIVE;
				GCC_WARN_UNUSED_FUNCTION = YES;
				GCC_WARN_UNUSED_VARIABLE = YES;
				IPHONEOS_DEPLOYMENT_TARGET = 12.1;
				MTL_ENABLE_DEBUG_INFO = NO;
				MTL_FAST_MATH = YES;
				SDKROOT = iphoneos;
				SWIFT_COMPILATION_MODE = wholemodule;
				SWIFT_OPTIMIZATION_LEVEL = "-O";
				VALIDATE_PRODUCT = YES;
			};
			name = Release;
		};
		A14B5408234228B90017DD2B /* Debug */ = {
			isa = XCBuildConfiguration;
			buildSettings = {
				ASSETCATALOG_COMPILER_APPICON_NAME = AppIcon;
				CODE_SIGN_IDENTITY = "iPhone Developer";
				CODE_SIGN_STYLE = Automatic;
				CURRENT_PROJECT_VERSION = 1.0;
				DEVELOPMENT_TEAM = 8U7RQ73AR9;
				FRAMEWORK_SEARCH_PATHS = "$(SRCROOT)/../../common/build/xcode-frameworks";
				INFOPLIST_FILE = kepios/Info.plist;
				LD_RUNPATH_SEARCH_PATHS = (
					"$(inherited)",
					"@executable_path/Frameworks",
				);
				PRODUCT_BUNDLE_IDENTIFIER = kep.mobile.ios;
				PRODUCT_NAME = "$(TARGET_NAME)";
				SWIFT_VERSION = 4.2;
				TARGETED_DEVICE_FAMILY = 1;
			};
			name = Debug;
		};
		A14B5409234228B90017DD2B /* Release */ = {
			isa = XCBuildConfiguration;
			buildSettings = {
				ASSETCATALOG_COMPILER_APPICON_NAME = AppIcon;
				CODE_SIGN_IDENTITY = "iPhone Distribution";
				CODE_SIGN_STYLE = Manual;
				CURRENT_PROJECT_VERSION = 1.0;
				DEVELOPMENT_TEAM = 8U7RQ73AR9;
				FRAMEWORK_SEARCH_PATHS = "$(SRCROOT)/../../common/build/xcode-frameworks";
				INFOPLIST_FILE = kepios/Info.plist;
				LD_RUNPATH_SEARCH_PATHS = (
					"$(inherited)",
					"@executable_path/Frameworks",
				);
				PRODUCT_BUNDLE_IDENTIFIER = kep.mobile.ios;
				PRODUCT_NAME = "$(TARGET_NAME)";
				PROVISIONING_PROFILE_SPECIFIER = KEP2019Distribution;
				SWIFT_VERSION = 4.2;
				TARGETED_DEVICE_FAMILY = 1;
			};
			name = Release;
		};
/* End XCBuildConfiguration section */

/* Begin XCConfigurationList section */
		A14B53F0234228B70017DD2B /* Build configuration list for PBXProject "kepios" */ = {
			isa = XCConfigurationList;
			buildConfigurations = (
				A14B5405234228B90017DD2B /* Debug */,
				A14B5406234228B90017DD2B /* Release */,
			);
			defaultConfigurationIsVisible = 0;
			defaultConfigurationName = Release;
		};
		A14B5407234228B90017DD2B /* Build configuration list for PBXNativeTarget "kepios" */ = {
			isa = XCConfigurationList;
			buildConfigurations = (
				A14B5408234228B90017DD2B /* Debug */,
				A14B5409234228B90017DD2B /* Release */,
			);
			defaultConfigurationIsVisible = 0;
			defaultConfigurationName = Release;
		};
/* End XCConfigurationList section */
	};
	rootObject = A14B53ED234228B70017DD2B /* Project object */;
}
